
Microsoft Visual Studio Solution File, Format Version 12.00
# Visual Studio 15
VisualStudioVersion = 15.0.27130.2036
MinimumVisualStudioVersion = 10.0.40219.1
Project("{FAE04EC0-301F-11D3-BF4B-00C04F79EFBC}") = "BinarySearchTree", "BinarySearchTree\BinarySearchTree.csproj", "{4F903D4A-E986-40A9-8D03-D1D0B6FD4F92}"
EndProject
Global
	GlobalSection(SolutionConfigurationPlatforms) = preSolution
		Debug|Any CPU = Debug|Any CPU
		Release|Any CPU = Release|Any CPU
	EndGlobalSection
	GlobalSection(ProjectConfigurationPlatforms) = postSolution
		{4F903D4A-E986-40A9-8D03-D1D0B6FD4F92}.Debug|Any CPU.ActiveCfg = Debug|Any CPU
		{4F903D4A-E986-40A9-8D03-D1D0B6FD4F92}.Debug|Any CPU.Build.0 = Debug|Any CPU
		{4F903D4A-E986-40A9-8D03-D1D0B6FD4F92}.Release|Any CPU.ActiveCfg = Release|Any CPU
		{4F903D4A-E986-40A9-8D03-D1D0B6FD4F92}.Release|Any CPU.Build.0 = Release|Any CPU
	EndGlobalSection
	GlobalSection(SolutionProperties) = preSolution
		HideSolutionNode = FALSE
	EndGlobalSection
	GlobalSection(ExtensibilityGlobals) = postSolution
		SolutionGuid = {1A5D3CDF-4787-4F98-88F5-92C6C4841B17}
	EndGlobalSection
EndGlobal
